
Microsoft Visual Studio Solution File, Format Version 12.00
# Visual Studio Version 17
VisualStudioVersion = 17.12.35527.113
MinimumVisualStudioVersion = 10.0.40219.1
Project("{FAE04EC0-301F-11D3-BF4B-00C04F79EFBC}") = "Podzemelie", "Podzemelie\Podzemelie.csproj", "{E91447DE-9274-4E08-8A68-F8A8D19EA38C}"
EndProject
Project("{FAE04EC0-301F-11D3-BF4B-00C04F79EFBC}") = "Methods", "Methods\Methods.csproj", "{32B04228-EF6E-41FB-851A-AB7AF1775424}"
EndProject
Project("{FAE04EC0-301F-11D3-BF4B-00C04F79EFBC}") = "Method2", "Method2\Method2.csproj", "{F31F1E63-7298-462F-A734-58A22403238B}"
EndProject
Project("{FAE04EC0-301F-11D3-BF4B-00C04F79EFBC}") = "ConsoleApp1", "ConsoleApp1\ConsoleApp1.csproj", "{40B465E6-0E6E-49DD-B909-2046B6EE2751}"
EndProject
Project("{FAE04EC0-301F-11D3-BF4B-00C04F79EFBC}") = "morskoiBoy", "morskoiBoy\morskoiBoy.csproj", "{5772BC19-5597-4B25-BC50-57ED68A6546B}"
EndProject
Project("{FAE04EC0-301F-11D3-BF4B-00C04F79EFBC}") = "Kvests", "Kvests\Kvests.csproj", "{8F59912E-623B-4B24-BE76-5C8DCD07A91A}"
EndProject
Project("{FAE04EC0-301F-11D3-BF4B-00C04F79EFBC}") = "Class1", "Class1\Class1.csproj", "{A2DE955A-ED39-4388-A3EF-7171EC8D4867}"
EndProject
Global
	GlobalSection(SolutionConfigurationPlatforms) = preSolution
		Debug|Any CPU = Debug|Any CPU
		Release|Any CPU = Release|Any CPU
	EndGlobalSection
	GlobalSection(ProjectConfigurationPlatforms) = postSolution
		{E91447DE-9274-4E08-8A68-F8A8D19EA38C}.Debug|Any CPU.ActiveCfg = Debug|Any CPU
		{E91447DE-9274-4E08-8A68-F8A8D19EA38C}.Debug|Any CPU.Build.0 = Debug|Any CPU
		{E91447DE-9274-4E08-8A68-F8A8D19EA38C}.Release|Any CPU.ActiveCfg = Release|Any CPU
		{E91447DE-9274-4E08-8A68-F8A8D19EA38C}.Release|Any CPU.Build.0 = Release|Any CPU
		{32B04228-EF6E-41FB-851A-AB7AF1775424}.Debug|Any CPU.ActiveCfg = Debug|Any CPU
		{32B04228-EF6E-41FB-851A-AB7AF1775424}.Debug|Any CPU.Build.0 = Debug|Any CPU
		{32B04228-EF6E-41FB-851A-AB7AF1775424}.Release|Any CPU.ActiveCfg = Release|Any CPU
		{32B04228-EF6E-41FB-851A-AB7AF1775424}.Release|Any CPU.Build.0 = Release|Any CPU
		{F31F1E63-7298-462F-A734-58A22403238B}.Debug|Any CPU.ActiveCfg = Debug|Any CPU
		{F31F1E63-7298-462F-A734-58A22403238B}.Debug|Any CPU.Build.0 = Debug|Any CPU
		{F31F1E63-7298-462F-A734-58A22403238B}.Release|Any CPU.ActiveCfg = Release|Any CPU
		{F31F1E63-7298-462F-A734-58A22403238B}.Release|Any CPU.Build.0 = Release|Any CPU
		{40B465E6-0E6E-49DD-B909-2046B6EE2751}.Debug|Any CPU.ActiveCfg = Debug|Any CPU
		{40B465E6-0E6E-49DD-B909-2046B6EE2751}.Debug|Any CPU.Build.0 = Debug|Any CPU
		{40B465E6-0E6E-49DD-B909-2046B6EE2751}.Release|Any CPU.ActiveCfg = Release|Any CPU
		{40B465E6-0E6E-49DD-B909-2046B6EE2751}.Release|Any CPU.Build.0 = Release|Any CPU
		{5772BC19-5597-4B25-BC50-57ED68A6546B}.Debug|Any CPU.ActiveCfg = Debug|Any CPU
		{5772BC19-5597-4B25-BC50-57ED68A6546B}.Debug|Any CPU.Build.0 = Debug|Any CPU
		{5772BC19-5597-4B25-BC50-57ED68A6546B}.Release|Any CPU.ActiveCfg = Release|Any CPU
		{5772BC19-5597-4B25-BC50-57ED68A6546B}.Release|Any CPU.Build.0 = Release|Any CPU
		{8F59912E-623B-4B24-BE76-5C8DCD07A91A}.Debug|Any CPU.ActiveCfg = Debug|Any CPU
		{8F59912E-623B-4B24-BE76-5C8DCD07A91A}.Debug|Any CPU.Build.0 = Debug|Any CPU
		{8F59912E-623B-4B24-BE76-5C8DCD07A91A}.Release|Any CPU.ActiveCfg = Release|Any CPU
		{8F59912E-623B-4B24-BE76-5C8DCD07A91A}.Release|Any CPU.Build.0 = Release|Any CPU
		{A2DE955A-ED39-4388-A3EF-7171EC8D4867}.Debug|Any CPU.ActiveCfg = Debug|Any CPU
		{A2DE955A-ED39-4388-A3EF-7171EC8D4867}.Debug|Any CPU.Build.0 = Debug|Any CPU
		{A2DE955A-ED39-4388-A3EF-7171EC8D4867}.Release|Any CPU.ActiveCfg = Release|Any CPU
		{A2DE955A-ED39-4388-A3EF-7171EC8D4867}.Release|Any CPU.Build.0 = Release|Any CPU
	EndGlobalSection
	GlobalSection(SolutionProperties) = preSolution
		HideSolutionNode = FALSE
	EndGlobalSection
EndGlobal
